
Microsoft Visual Studio Solution File, Format Version 12.00
# Visual Studio 15
VisualStudioVersion = 15.0.27130.2027
MinimumVisualStudioVersion = 10.0.40219.1
Project("{8BC9CEB8-8B4A-11D0-8D11-00A0C91BC942}") = "arima", "arima.vcxproj", "{B157C41B-A85C-452C-88C7-F84F50B05C7C}"
EndProject
Global
	GlobalSection(SolutionConfigurationPlatforms) = preSolution
		Debug|x64 = Debug|x64
		Debug|x86 = Debug|x86
		Release|x64 = Release|x64
		Release|x86 = Release|x86
	EndGlobalSection
	GlobalSection(ProjectConfigurationPlatforms) = postSolution
		{B157C41B-A85C-452C-88C7-F84F50B05C7C}.Debug|x64.ActiveCfg = Debug|x64
		{B157C41B-A85C-452C-88C7-F84F50B05C7C}.Debug|x64.Build.0 = Debug|x64
		{B157C41B-A85C-452C-88C7-F84F50B05C7C}.Debug|x86.ActiveCfg = Debug|Win32
		{B157C41B-A85C-452C-88C7-F84F50B05C7C}.Debug|x86.Build.0 = Debug|Win32
		{B157C41B-A85C-452C-88C7-F84F50B05C7C}.Release|x64.ActiveCfg = Release|x64
		{B157C41B-A85C-452C-88C7-F84F50B05C7C}.Release|x64.Build.0 = Release|x64
		{B157C41B-A85C-452C-88C7-F84F50B05C7C}.Release|x86.ActiveCfg = Release|Win32
		{B157C41B-A85C-452C-88C7-F84F50B05C7C}.Release|x86.Build.0 = Release|Win32
	EndGlobalSection
	GlobalSection(SolutionProperties) = preSolution
		HideSolutionNode = FALSE
	EndGlobalSection
	GlobalSection(ExtensibilityGlobals) = postSolution
		SolutionGuid = {83C64900-B603-49DA-95B5-ED9695E81286}
	EndGlobalSection
EndGlobal
